
Microsoft Visual Studio Solution File, Format Version 12.00
# Visual Studio 14
VisualStudioVersion = 14.0.25420.1
MinimumVisualStudioVersion = 10.0.40219.1
Project("{2150E333-8FDC-42A3-9474-1A3956D46DE8}") = "src", "src", "{17219465-4623-4696-BDE6-1EE71F629BD6}"
EndProject
Project("{2150E333-8FDC-42A3-9474-1A3956D46DE8}") = "Solution Items", "Solution Items", "{65DA4C50-B781-4796-83A0-AD278875897C}"
	ProjectSection(SolutionItems) = preProject
		global.json = global.json
	EndProjectSection
EndProject
Project("{8BB2217D-0F2D-49D1-97BC-3654ED321F3B}") = "TooExe.Owl.Library", "src\TooExe.Owl.Library\TooExe.Owl.Library.xproj", "{E2909A0C-C966-4200-93A9-A1921AA99B01}"
EndProject
Project("{8BB2217D-0F2D-49D1-97BC-3654ED321F3B}") = "TooExe.Owl.Mvc", "src\TooExe.Owl.Mvc\TooExe.Owl.Mvc.xproj", "{5C18F6D0-78F9-4AAD-AD43-9ACF9F3BC9DC}"
EndProject
Project("{8BB2217D-0F2D-49D1-97BC-3654ED321F3B}") = "TooExe.Owl.Library.UnitTests", "src\TooExe.Owl.Library.UnitTests\TooExe.Owl.Library.UnitTests.xproj", "{4B1B6145-0755-427A-A20B-A16C4FD6B908}"
EndProject
Project("{8BB2217D-0F2D-49D1-97BC-3654ED321F3B}") = "TooExe.Owl.Mvc.UnitTests", "src\TooExe.Owl.Mvc.UnitTests\TooExe.Owl.Mvc.UnitTests.xproj", "{9356D594-EEB0-4617-BE6F-4AD078862470}"
EndProject
Project("{2150E333-8FDC-42A3-9474-1A3956D46DE8}") = "Installers", "Installers", "{665B5109-5494-48C9-A95C-0A020F8849A1}"
	ProjectSection(SolutionItems) = preProject
		Installers\DotNetCore.1.0.1-VS2015Tools.Preview2.0.4.exe = Installers\DotNetCore.1.0.1-VS2015Tools.Preview2.0.4.exe
		Installers\info.txt = Installers\info.txt
	EndProjectSection
EndProject
Global
	GlobalSection(SolutionConfigurationPlatforms) = preSolution
		Debug|Any CPU = Debug|Any CPU
		Release|Any CPU = Release|Any CPU
	EndGlobalSection
	GlobalSection(ProjectConfigurationPlatforms) = postSolution
		{E2909A0C-C966-4200-93A9-A1921AA99B01}.Debug|Any CPU.ActiveCfg = Debug|Any CPU
		{E2909A0C-C966-4200-93A9-A1921AA99B01}.Debug|Any CPU.Build.0 = Debug|Any CPU
		{E2909A0C-C966-4200-93A9-A1921AA99B01}.Release|Any CPU.ActiveCfg = Release|Any CPU
		{E2909A0C-C966-4200-93A9-A1921AA99B01}.Release|Any CPU.Build.0 = Release|Any CPU
		{5C18F6D0-78F9-4AAD-AD43-9ACF9F3BC9DC}.Debug|Any CPU.ActiveCfg = Debug|Any CPU
		{5C18F6D0-78F9-4AAD-AD43-9ACF9F3BC9DC}.Debug|Any CPU.Build.0 = Debug|Any CPU
		{5C18F6D0-78F9-4AAD-AD43-9ACF9F3BC9DC}.Release|Any CPU.ActiveCfg = Release|Any CPU
		{5C18F6D0-78F9-4AAD-AD43-9ACF9F3BC9DC}.Release|Any CPU.Build.0 = Release|Any CPU
		{4B1B6145-0755-427A-A20B-A16C4FD6B908}.Debug|Any CPU.ActiveCfg = Debug|Any CPU
		{4B1B6145-0755-427A-A20B-A16C4FD6B908}.Debug|Any CPU.Build.0 = Debug|Any CPU
		{4B1B6145-0755-427A-A20B-A16C4FD6B908}.Release|Any CPU.ActiveCfg = Release|Any CPU
		{4B1B6145-0755-427A-A20B-A16C4FD6B908}.Release|Any CPU.Build.0 = Release|Any CPU
		{9356D594-EEB0-4617-BE6F-4AD078862470}.Debug|Any CPU.ActiveCfg = Debug|Any CPU
		{9356D594-EEB0-4617-BE6F-4AD078862470}.Debug|Any CPU.Build.0 = Debug|Any CPU
		{9356D594-EEB0-4617-BE6F-4AD078862470}.Release|Any CPU.ActiveCfg = Release|Any CPU
		{9356D594-EEB0-4617-BE6F-4AD078862470}.Release|Any CPU.Build.0 = Release|Any CPU
	EndGlobalSection
	GlobalSection(SolutionProperties) = preSolution
		HideSolutionNode = FALSE
	EndGlobalSection
	GlobalSection(NestedProjects) = preSolution
		{E2909A0C-C966-4200-93A9-A1921AA99B01} = {17219465-4623-4696-BDE6-1EE71F629BD6}
		{5C18F6D0-78F9-4AAD-AD43-9ACF9F3BC9DC} = {17219465-4623-4696-BDE6-1EE71F629BD6}
		{4B1B6145-0755-427A-A20B-A16C4FD6B908} = {17219465-4623-4696-BDE6-1EE71F629BD6}
		{9356D594-EEB0-4617-BE6F-4AD078862470} = {17219465-4623-4696-BDE6-1EE71F629BD6}
	EndGlobalSection
EndGlobal
